
Microsoft Visual Studio Solution File, Format Version 12.00
# Visual Studio 14
VisualStudioVersion = 14.0.25420.1
MinimumVisualStudioVersion = 10.0.40219.1
Project("{FAE04EC0-301F-11D3-BF4B-00C04F79EFBC}") = "MailTrace.NetworkTail", "src\MailTrace.NetworkTail\MailTrace.NetworkTail.csproj", "{F3E6AB6D-959D-4E96-ACA8-C87632A3D0BD}"
EndProject
Project("{2150E333-8FDC-42A3-9474-1A3956D46DE8}") = "tests", "tests", "{8E169F4F-B549-427E-8B34-B8749563D7DD}"
EndProject
Project("{FAE04EC0-301F-11D3-BF4B-00C04F79EFBC}") = "MailTrace.NetworkTail.Tests", "tests\MailTrace.NetworkTail.Tests\MailTrace.NetworkTail.Tests.csproj", "{340546EC-0F1E-4881-9460-7C2AB08D82D1}"
EndProject
Project("{2150E333-8FDC-42A3-9474-1A3956D46DE8}") = "src", "src", "{15CA596E-2805-437A-BD6E-90D0B314F9ED}"
EndProject
Project("{FAE04EC0-301F-11D3-BF4B-00C04F79EFBC}") = "MailTrace.Host", "src\MailTrace.Host\MailTrace.Host.csproj", "{866717DA-CB0B-487B-9A09-C46AD0A56898}"
EndProject
Project("{FAE04EC0-301F-11D3-BF4B-00C04F79EFBC}") = "MailTrace.Host.Tests", "tests\MailTrace.Host.Tests\MailTrace.Host.Tests.csproj", "{14656E29-D6EB-4A36-B057-B0E2A98236CD}"
EndProject
Project("{2150E333-8FDC-42A3-9474-1A3956D46DE8}") = "Data", "Data", "{47B445A3-1B7E-46A2-AA8D-E07C444A48C5}"
EndProject
Project("{FAE04EC0-301F-11D3-BF4B-00C04F79EFBC}") = "MailTrace.Data.Postgresql", "src\Data\MailTrace.Data.Postgresql\MailTrace.Data.Postgresql.csproj", "{89C6F962-75FB-444E-B8C4-634303C71AF9}"
EndProject
Project("{FAE04EC0-301F-11D3-BF4B-00C04F79EFBC}") = "MailTrace.Host.Selfhost", "src\MailTrace.Host.Selfhost\MailTrace.Host.Selfhost.csproj", "{4C4C3DA1-C079-4AF7-A8CE-DEBE5FEA748C}"
EndProject
Project("{FAE04EC0-301F-11D3-BF4B-00C04F79EFBC}") = "MailTrace.Data", "src\Data\MailTrace.Data\MailTrace.Data.csproj", "{DDB7F080-7A44-4984-B2C3-CF592A9C2E0A}"
EndProject
Global
	GlobalSection(SolutionConfigurationPlatforms) = preSolution
		Debug|Any CPU = Debug|Any CPU
		Release|Any CPU = Release|Any CPU
	EndGlobalSection
	GlobalSection(ProjectConfigurationPlatforms) = postSolution
		{F3E6AB6D-959D-4E96-ACA8-C87632A3D0BD}.Debug|Any CPU.ActiveCfg = Debug|Any CPU
		{F3E6AB6D-959D-4E96-ACA8-C87632A3D0BD}.Debug|Any CPU.Build.0 = Debug|Any CPU
		{F3E6AB6D-959D-4E96-ACA8-C87632A3D0BD}.Release|Any CPU.ActiveCfg = Release|Any CPU
		{F3E6AB6D-959D-4E96-ACA8-C87632A3D0BD}.Release|Any CPU.Build.0 = Release|Any CPU
		{340546EC-0F1E-4881-9460-7C2AB08D82D1}.Debug|Any CPU.ActiveCfg = Debug|Any CPU
		{340546EC-0F1E-4881-9460-7C2AB08D82D1}.Debug|Any CPU.Build.0 = Debug|Any CPU
		{340546EC-0F1E-4881-9460-7C2AB08D82D1}.Release|Any CPU.ActiveCfg = Release|Any CPU
		{340546EC-0F1E-4881-9460-7C2AB08D82D1}.Release|Any CPU.Build.0 = Release|Any CPU
		{866717DA-CB0B-487B-9A09-C46AD0A56898}.Debug|Any CPU.ActiveCfg = Debug|Any CPU
		{866717DA-CB0B-487B-9A09-C46AD0A56898}.Debug|Any CPU.Build.0 = Debug|Any CPU
		{866717DA-CB0B-487B-9A09-C46AD0A56898}.Release|Any CPU.ActiveCfg = Release|Any CPU
		{866717DA-CB0B-487B-9A09-C46AD0A56898}.Release|Any CPU.Build.0 = Release|Any CPU
		{14656E29-D6EB-4A36-B057-B0E2A98236CD}.Debug|Any CPU.ActiveCfg = Debug|Any CPU
		{14656E29-D6EB-4A36-B057-B0E2A98236CD}.Debug|Any CPU.Build.0 = Debug|Any CPU
		{14656E29-D6EB-4A36-B057-B0E2A98236CD}.Release|Any CPU.ActiveCfg = Release|Any CPU
		{14656E29-D6EB-4A36-B057-B0E2A98236CD}.Release|Any CPU.Build.0 = Release|Any CPU
		{89C6F962-75FB-444E-B8C4-634303C71AF9}.Debug|Any CPU.ActiveCfg = Debug|Any CPU
		{89C6F962-75FB-444E-B8C4-634303C71AF9}.Debug|Any CPU.Build.0 = Debug|Any CPU
		{89C6F962-75FB-444E-B8C4-634303C71AF9}.Release|Any CPU.ActiveCfg = Release|Any CPU
		{89C6F962-75FB-444E-B8C4-634303C71AF9}.Release|Any CPU.Build.0 = Release|Any CPU
		{4C4C3DA1-C079-4AF7-A8CE-DEBE5FEA748C}.Debug|Any CPU.ActiveCfg = Debug|Any CPU
		{4C4C3DA1-C079-4AF7-A8CE-DEBE5FEA748C}.Debug|Any CPU.Build.0 = Debug|Any CPU
		{4C4C3DA1-C079-4AF7-A8CE-DEBE5FEA748C}.Release|Any CPU.ActiveCfg = Release|Any CPU
		{4C4C3DA1-C079-4AF7-A8CE-DEBE5FEA748C}.Release|Any CPU.Build.0 = Release|Any CPU
		{DDB7F080-7A44-4984-B2C3-CF592A9C2E0A}.Debug|Any CPU.ActiveCfg = Debug|Any CPU
		{DDB7F080-7A44-4984-B2C3-CF592A9C2E0A}.Debug|Any CPU.Build.0 = Debug|Any CPU
		{DDB7F080-7A44-4984-B2C3-CF592A9C2E0A}.Release|Any CPU.ActiveCfg = Release|Any CPU
		{DDB7F080-7A44-4984-B2C3-CF592A9C2E0A}.Release|Any CPU.Build.0 = Release|Any CPU
	EndGlobalSection
	GlobalSection(SolutionProperties) = preSolution
		HideSolutionNode = FALSE
	EndGlobalSection
	GlobalSection(NestedProjects) = preSolution
		{F3E6AB6D-959D-4E96-ACA8-C87632A3D0BD} = {15CA596E-2805-437A-BD6E-90D0B314F9ED}
		{340546EC-0F1E-4881-9460-7C2AB08D82D1} = {8E169F4F-B549-427E-8B34-B8749563D7DD}
		{866717DA-CB0B-487B-9A09-C46AD0A56898} = {15CA596E-2805-437A-BD6E-90D0B314F9ED}
		{14656E29-D6EB-4A36-B057-B0E2A98236CD} = {8E169F4F-B549-427E-8B34-B8749563D7DD}
		{47B445A3-1B7E-46A2-AA8D-E07C444A48C5} = {15CA596E-2805-437A-BD6E-90D0B314F9ED}
		{89C6F962-75FB-444E-B8C4-634303C71AF9} = {47B445A3-1B7E-46A2-AA8D-E07C444A48C5}
		{4C4C3DA1-C079-4AF7-A8CE-DEBE5FEA748C} = {15CA596E-2805-437A-BD6E-90D0B314F9ED}
		{DDB7F080-7A44-4984-B2C3-CF592A9C2E0A} = {47B445A3-1B7E-46A2-AA8D-E07C444A48C5}
	EndGlobalSection
EndGlobal
